// !$*UTF8*$!
{
	archiveVersion = 1;
	classes = {
	};
	objectVersion = 46;
	objects = {

/* Begin PBXBuildFile section */
		0EDC7D6A19A23F6300F9BF84 /* Foundation.framework in Frameworks */ = {isa = PBXBuildFile; fileRef = 0EDC7D6919A23F6300F9BF84 /* Foundation.framework */; };
		0EDC7D6C19A23F6300F9BF84 /* CoreGraphics.framework in Frameworks */ = {isa = PBXBuildFile; fileRef = 0EDC7D6B19A23F6300F9BF84 /* CoreGraphics.framework */; };
		0EDC7D6E19A23F6300F9BF84 /* UIKit.framework in Frameworks */ = {isa = PBXBuildFile; fileRef = 0EDC7D6D19A23F6300F9BF84 /* UIKit.framework */; };
		0EDC7D7419A23F6300F9BF84 /* InfoPlist.strings in Resources */ = {isa = PBXBuildFile; fileRef = 0EDC7D7219A23F6300F9BF84 /* InfoPlist.strings */; };
		0EDC7D7619A23F6300F9BF84 /* main.m in Sources */ = {isa = PBXBuildFile; fileRef = 0EDC7D7519A23F6300F9BF84 /* main.m */; };
		0EDC7D7A19A23F6300F9BF84 /* AppDelegate.m in Sources */ = {isa = PBXBuildFile; fileRef = 0EDC7D7919A23F6300F9BF84 /* AppDelegate.m */; };
		0EDC7D7C19A23F6300F9BF84 /* Images.xcassets in Resources */ = {isa = PBXBuildFile; fileRef = 0EDC7D7B19A23F6300F9BF84 /* Images.xcassets */; };
		0EDC7D8319A23F6300F9BF84 /* XCTest.framework in Frameworks */ = {isa = PBXBuildFile; fileRef = 0EDC7D8219A23F6300F9BF84 /* XCTest.framework */; };
		0EDC7D8419A23F6300F9BF84 /* Foundation.framework in Frameworks */ = {isa = PBXBuildFile; fileRef = 0EDC7D6919A23F6300F9BF84 /* Foundation.framework */; };
		0EDC7D8519A23F6300F9BF84 /* UIKit.framework in Frameworks */ = {isa = PBXBuildFile; fileRef = 0EDC7D6D19A23F6300F9BF84 /* UIKit.framework */; };
		0EDC7D8D19A23F6300F9BF84 /* InfoPlist.strings in Resources */ = {isa = PBXBuildFile; fileRef = 0EDC7D8B19A23F6300F9BF84 /* InfoPlist.strings */; };
		0EDC7D8F19A23F6300F9BF84 /* ParentMobileTests.m in Sources */ = {isa = PBXBuildFile; fileRef = 0EDC7D8E19A23F6300F9BF84 /* ParentMobileTests.m */; };
/* End PBXBuildFile section */

/* Begin PBXContainerItemProxy section */
		0EDC7D8619A23F6300F9BF84 /* PBXContainerItemProxy */ = {
			isa = PBXContainerItemProxy;
			containerPortal = 0EDC7D5E19A23F6300F9BF84 /* Project object */;
			proxyType = 1;
			remoteGlobalIDString = 0EDC7D6519A23F6300F9BF84;
			remoteInfo = ParentMobile;
		};
/* End PBXContainerItemProxy section */

/* Begin PBXFileReference section */
		0EDC7D6619A23F6300F9BF84 /* ParentMobile.app */ = {isa = PBXFileReference; explicitFileType = wrapper.application; includeInIndex = 0; path = ParentMobile.app; sourceTree = BUILT_PRODUCTS_DIR; };
		0EDC7D6919A23F6300F9BF84 /* Foundation.framework */ = {isa = PBXFileReference; lastKnownFileType = wrapper.framework; name = Foundation.framework; path = System/Library/Frameworks/Foundation.framework; sourceTree = SDKROOT; };
		0EDC7D6B19A23F6300F9BF84 /* CoreGraphics.framework */ = {isa = PBXFileReference; lastKnownFileType = wrapper.framework; name = CoreGraphics.framework; path = System/Library/Frameworks/CoreGraphics.framework; sourceTree = SDKROOT; };
		0EDC7D6D19A23F6300F9BF84 /* UIKit.framework */ = {isa = PBXFileReference; lastKnownFileType = wrapper.framework; name = UIKit.framework; path = System/Library/Frameworks/UIKit.framework; sourceTree = SDKROOT; };
		0EDC7D7119A23F6300F9BF84 /* ParentMobile-Info.plist */ = {isa = PBXFileReference; lastKnownFileType = text.plist.xml; path = "ParentMobile-Info.plist"; sourceTree = "<group>"; };
		0EDC7D7319A23F6300F9BF84 /* en */ = {isa = PBXFileReference; lastKnownFileType = text.plist.strings; name = en; path = en.lproj/InfoPlist.strings; sourceTree = "<group>"; };
		0EDC7D7519A23F6300F9BF84 /* main.m */ = {isa = PBXFileReference; lastKnownFileType = sourcecode.c.objc; path = main.m; sourceTree = "<group>"; };
		0EDC7D7719A23F6300F9BF84 /* ParentMobile-Prefix.pch */ = {isa = PBXFileReference; lastKnownFileType = sourcecode.c.h; path = "ParentMobile-Prefix.pch"; sourceTree = "<group>"; };
		0EDC7D7819A23F6300F9BF84 /* AppDelegate.h */ = {isa = PBXFileReference; lastKnownFileType = sourcecode.c.h; path = AppDelegate.h; sourceTree = "<group>"; };
		0EDC7D7919A23F6300F9BF84 /* AppDelegate.m */ = {isa = PBXFileReference; lastKnownFileType = sourcecode.c.objc; path = AppDelegate.m; sourceTree = "<group>"; };
		0EDC7D7B19A23F6300F9BF84 /* Images.xcassets */ = {isa = PBXFileReference; lastKnownFileType = folder.assetcatalog; path = Images.xcassets; sourceTree = "<group>"; };
		0EDC7D8119A23F6300F9BF84 /* ParentMobileTests.xctest */ = {isa = PBXFileReference; explicitFileType = wrapper.cfbundle; includeInIndex = 0; path = ParentMobileTests.xctest; sourceTree = BUILT_PRODUCTS_DIR; };
		0EDC7D8219A23F6300F9BF84 /* XCTest.framework */ = {isa = PBXFileReference; lastKnownFileType = wrapper.framework; name = XCTest.framework; path = Library/Frameworks/XCTest.framework; sourceTree = DEVELOPER_DIR; };
		0EDC7D8A19A23F6300F9BF84 /* ParentMobileTests-Info.plist */ = {isa = PBXFileReference; lastKnownFileType = text.plist.xml; path = "ParentMobileTests-Info.plist"; sourceTree = "<group>"; };
		0EDC7D8C19A23F6300F9BF84 /* en */ = {isa = PBXFileReference; lastKnownFileType = text.plist.strings; name = en; path = en.lproj/InfoPlist.strings; sourceTree = "<group>"; };
		0EDC7D8E19A23F6300F9BF84 /* ParentMobileTests.m */ = {isa = PBXFileReference; lastKnownFileType = sourcecode.c.objc; path = ParentMobileTests.m; sourceTree = "<group>"; };
/* End PBXFileReference section */

/* Begin PBXFrameworksBuildPhase section */
		0EDC7D6319A23F6300F9BF84 /* Frameworks */ = {
			isa = PBXFrameworksBuildPhase;
			buildActionMask = 2147483647;
			files = (
				0EDC7D6C19A23F6300F9BF84 /* CoreGraphics.framework in Frameworks */,
				0EDC7D6E19A23F6300F9BF84 /* UIKit.framework in Frameworks */,
				0EDC7D6A19A23F6300F9BF84 /* Foundation.framework in Frameworks */,
			);
			runOnlyForDeploymentPostprocessing = 0;
		};
		0EDC7D7E19A23F6300F9BF84 /* Frameworks */ = {
			isa = PBXFrameworksBuildPhase;
			buildActionMask = 2147483647;
			files = (
				0EDC7D8319A23F6300F9BF84 /* XCTest.framework in Frameworks */,
				0EDC7D8519A23F6300F9BF84 /* UIKit.framework in Frameworks */,
				0EDC7D8419A23F6300F9BF84 /* Foundation.framework in Frameworks */,
			);
			runOnlyForDeploymentPostprocessing = 0;
		};
/* End PBXFrameworksBuildPhase section */

/* Begin PBXGroup section */
		0EDC7D5D19A23F6300F9BF84 = {
			isa = PBXGroup;
			children = (
				0EDC7D6F19A23F6300F9BF84 /* ParentMobile */,
				0EDC7D8819A23F6300F9BF84 /* ParentMobileTests */,
				0EDC7D6819A23F6300F9BF84 /* Frameworks */,
				0EDC7D6719A23F6300F9BF84 /* Products */,
			);
			sourceTree = "<group>";
		};
		0EDC7D6719A23F6300F9BF84 /* Products */ = {
			isa = PBXGroup;
			children = (
				0EDC7D6619A23F6300F9BF84 /* ParentMobile.app */,
				0EDC7D8119A23F6300F9BF84 /* ParentMobileTests.xctest */,
			);
			name = Products;
			sourceTree = "<group>";
		};
		0EDC7D6819A23F6300F9BF84 /* Frameworks */ = {
			isa = PBXGroup;
			children = (
				0EDC7D6919A23F6300F9BF84 /* Foundation.framework */,
				0EDC7D6B19A23F6300F9BF84 /* CoreGraphics.framework */,
				0EDC7D6D19A23F6300F9BF84 /* UIKit.framework */,
				0EDC7D8219A23F6300F9BF84 /* XCTest.framework */,
			);
			name = Frameworks;
			sourceTree = "<group>";
		};
		0EDC7D6F19A23F6300F9BF84 /* ParentMobile */ = {
			isa = PBXGroup;
			children = (
				0EDC7D7819A23F6300F9BF84 /* AppDelegate.h */,
				0EDC7D7919A23F6300F9BF84 /* AppDelegate.m */,
				0EDC7D7B19A23F6300F9BF84 /* Images.xcassets */,
				0EDC7D7019A23F6300F9BF84 /* Supporting Files */,
			);
			path = ParentMobile;
			sourceTree = "<group>";
		};
		0EDC7D7019A23F6300F9BF84 /* Supporting Files */ = {
			isa = PBXGroup;
			children = (
				0EDC7D7119A23F6300F9BF84 /* ParentMobile-Info.plist */,
				0EDC7D7219A23F6300F9BF84 /* InfoPlist.strings */,
				0EDC7D7519A23F6300F9BF84 /* main.m */,
				0EDC7D7719A23F6300F9BF84 /* ParentMobile-Prefix.pch */,
			);
			name = "Supporting Files";
			sourceTree = "<group>";
		};
		0EDC7D8819A23F6300F9BF84 /* ParentMobileTests */ = {
			isa = PBXGroup;
			children = (
				0EDC7D8E19A23F6300F9BF84 /* ParentMobileTests.m */,
				0EDC7D8919A23F6300F9BF84 /* Supporting Files */,
			);
			path = ParentMobileTests;
			sourceTree = "<group>";
		};
		0EDC7D8919A23F6300F9BF84 /* Supporting Files */ = {
			isa = PBXGroup;
			children = (
				0EDC7D8A19A23F6300F9BF84 /* ParentMobileTests-Info.plist */,
				0EDC7D8B19A23F6300F9BF84 /* InfoPlist.strings */,
			);
			name = "Supporting Files";
			sourceTree = "<group>";
		};
/* End PBXGroup section */

/* Begin PBXNativeTarget section */
		0EDC7D6519A23F6300F9BF84 /* ParentMobile */ = {
			isa = PBXNativeTarget;
			buildConfigurationList = 0EDC7D9219A23F6300F9BF84 /* Build configuration list for PBXNativeTarget "ParentMobile" */;
			buildPhases = (
				0EDC7D6219A23F6300F9BF84 /* Sources */,
				0EDC7D6319A23F6300F9BF84 /* Frameworks */,
				0EDC7D6419A23F6300F9BF84 /* Resources */,
			);
			buildRules = (
			);
			dependencies = (
			);
			name = ParentMobile;
			productName = ParentMobile;
			productReference = 0EDC7D6619A23F6300F9BF84 /* ParentMobile.app */;
			productType = "com.apple.product-type.application";
		};
		0EDC7D8019A23F6300F9BF84 /* ParentMobileTests */ = {
			isa = PBXNativeTarget;
			buildConfigurationList = 0EDC7D9519A23F6300F9BF84 /* Build configuration list for PBXNativeTarget "ParentMobileTests" */;
			buildPhases = (
				0EDC7D7D19A23F6300F9BF84 /* Sources */,
				0EDC7D7E19A23F6300F9BF84 /* Frameworks */,
				0EDC7D7F19A23F6300F9BF84 /* Resources */,
			);
			buildRules = (
			);
			dependencies = (
				0EDC7D8719A23F6300F9BF84 /* PBXTargetDependency */,
			);
			name = ParentMobileTests;
			productName = ParentMobileTests;
			productReference = 0EDC7D8119A23F6300F9BF84 /* ParentMobileTests.xctest */;
			productType = "com.apple.product-type.bundle.unit-test";
		};
/* End PBXNativeTarget section */

/* Begin PBXProject section */
		0EDC7D5E19A23F6300F9BF84 /* Project object */ = {
			isa = PBXProject;
			attributes = {
				LastUpgradeCheck = 0510;
				ORGANIZATIONNAME = VisionCPS;
				TargetAttributes = {
					0EDC7D8019A23F6300F9BF84 = {
						TestTargetID = 0EDC7D6519A23F6300F9BF84;
					};
				};
			};
			buildConfigurationList = 0EDC7D6119A23F6300F9BF84 /* Build configuration list for PBXProject "ParentMobile" */;
			compatibilityVersion = "Xcode 3.2";
			developmentRegion = English;
			hasScannedForEncodings = 0;
			knownRegions = (
				en,
			);
			mainGroup = 0EDC7D5D19A23F6300F9BF84;
			productRefGroup = 0EDC7D6719A23F6300F9BF84 /* Products */;
			projectDirPath = "";
			projectRoot = "";
			targets = (
				0EDC7D6519A23F6300F9BF84 /* ParentMobile */,
				0EDC7D8019A23F6300F9BF84 /* ParentMobileTests */,
			);
		};
/* End PBXProject section */

/* Begin PBXResourcesBuildPhase section */
		0EDC7D6419A23F6300F9BF84 /* Resources */ = {
			isa = PBXResourcesBuildPhase;
			buildActionMask = 2147483647;
			files = (
				0EDC7D7419A23F6300F9BF84 /* InfoPlist.strings in Resources */,
				0EDC7D7C19A23F6300F9BF84 /* Images.xcassets in Resources */,
			);
			runOnlyForDeploymentPostprocessing = 0;
		};
		0EDC7D7F19A23F6300F9BF84 /* Resources */ = {
			isa = PBXResourcesBuildPhase;
			buildActionMask = 2147483647;
			files = (
				0EDC7D8D19A23F6300F9BF84 /* InfoPlist.strings in Resources */,
			);
			runOnlyForDeploymentPostprocessing = 0;
		};
/* End PBXResourcesBuildPhase section */

/* Begin PBXSourcesBuildPhase section */
		0EDC7D6219A23F6300F9BF84 /* Sources */ = {
			isa = PBXSourcesBuildPhase;
			buildActionMask = 2147483647;
			files = (
				0EDC7D7A19A23F6300F9BF84 /* AppDelegate.m in Sources */,
				0EDC7D7619A23F6300F9BF84 /* main.m in Sources */,
			);
			runOnlyForDeploymentPostprocessing = 0;
		};
		0EDC7D7D19A23F6300F9BF84 /* Sources */ = {
			isa = PBXSourcesBuildPhase;
			buildActionMask = 2147483647;
			files = (
				0EDC7D8F19A23F6300F9BF84 /* ParentMobileTests.m in Sources */,
			);
			runOnlyForDeploymentPostprocessing = 0;
		};
/* End PBXSourcesBuildPhase section */

/* Begin PBXTargetDependency section */
		0EDC7D8719A23F6300F9BF84 /* PBXTargetDependency */ = {
			isa = PBXTargetDependency;
			target = 0EDC7D6519A23F6300F9BF84 /* ParentMobile */;
			targetProxy = 0EDC7D8619A23F6300F9BF84 /* PBXContainerItemProxy */;
		};
/* End PBXTargetDependency section */

/* Begin PBXVariantGroup section */
		0EDC7D7219A23F6300F9BF84 /* InfoPlist.strings */ = {
			isa = PBXVariantGroup;
			children = (
				0EDC7D7319A23F6300F9BF84 /* en */,
			);
			name = InfoPlist.strings;
			sourceTree = "<group>";
		};
		0EDC7D8B19A23F6300F9BF84 /* InfoPlist.strings */ = {
			isa = PBXVariantGroup;
			children = (
				0EDC7D8C19A23F6300F9BF84 /* en */,
			);
			name = InfoPlist.strings;
			sourceTree = "<group>";
		};
/* End PBXVariantGroup section */

/* Begin XCBuildConfiguration section */
		0EDC7D9019A23F6300F9BF84 /* Debug */ = {
			isa = XCBuildConfiguration;
			buildSettings = {
				ALWAYS_SEARCH_USER_PATHS = NO;
				CLANG_CXX_LANGUAGE_STANDARD = "gnu++0x";
				CLANG_CXX_LIBRARY = "libc++";
				CLANG_ENABLE_MODULES = YES;
				CLANG_ENABLE_OBJC_ARC = YES;
				CLANG_WARN_BOOL_CONVERSION = YES;
				CLANG_WARN_CONSTANT_CONVERSION = YES;
				CLANG_WARN_DIRECT_OBJC_ISA_USAGE = YES_ERROR;
				CLANG_WARN_EMPTY_BODY = YES;
				CLANG_WARN_ENUM_CONVERSION = YES;
				CLANG_WARN_INT_CONVERSION = YES;
				CLANG_WARN_OBJC_ROOT_CLASS = YES_ERROR;
				CLANG_WARN__DUPLICATE_METHOD_MATCH = YES;
				"CODE_SIGN_IDENTITY[sdk=iphoneos*]" = "iPhone Developer";
				COPY_PHASE_STRIP = NO;
				GCC_C_LANGUAGE_STANDARD = gnu99;
				GCC_DYNAMIC_NO_PIC = NO;
				GCC_OPTIMIZATION_LEVEL = 0;
				GCC_PREPROCESSOR_DEFINITIONS = (
					"DEBUG=1",
					"$(inherited)",
				);
				GCC_SYMBOLS_PRIVATE_EXTERN = NO;
				GCC_WARN_64_TO_32_BIT_CONVERSION = YES;
				GCC_WARN_ABOUT_RETURN_TYPE = YES_ERROR;
				GCC_WARN_UNDECLARED_SELECTOR = YES;
				GCC_WARN_UNINITIALIZED_AUTOS = YES_AGGRESSIVE;
				GCC_WARN_UNUSED_FUNCTION = YES;
				GCC_WARN_UNUSED_VARIABLE = YES;
				IPHONEOS_DEPLOYMENT_TARGET = 7.1;
				ONLY_ACTIVE_ARCH = YES;
				SDKROOT = iphoneos;
				TARGETED_DEVICE_FAMILY = "1,2";
			};
			name = Debug;
		};
		0EDC7D9119A23F6300F9BF84 /* Release */ = {
			isa = XCBuildConfiguration;
			buildSettings = {
				ALWAYS_SEARCH_USER_PATHS = NO;
				CLANG_CXX_LANGUAGE_STANDARD = "gnu++0x";
				CLANG_CXX_LIBRARY = "libc++";
				CLANG_ENABLE_MODULES = YES;
				CLANG_ENABLE_OBJC_ARC = YES;
				CLANG_WARN_BOOL_CONVERSION = YES;
				CLANG_WARN_CONSTANT_CONVERSION = YES;
				CLANG_WARN_DIRECT_OBJC_ISA_USAGE = YES_ERROR;
				CLANG_WARN_EMPTY_BODY = YES;
				CLANG_WARN_ENUM_CONVERSION = YES;
				CLANG_WARN_INT_CONVERSION = YES;
				CLANG_WARN_OBJC_ROOT_CLASS = YES_ERROR;
				CLANG_WARN__DUPLICATE_METHOD_MATCH = YES;
				"CODE_SIGN_IDENTITY[sdk=iphoneos*]" = "iPhone Developer";
				COPY_PHASE_STRIP = YES;
				ENABLE_NS_ASSERTIONS = NO;
				GCC_C_LANGUAGE_STANDARD = gnu99;
				GCC_WARN_64_TO_32_BIT_CONVERSION = YES;
				GCC_WARN_ABOUT_RETURN_TYPE = YES_ERROR;
				GCC_WARN_UNDECLARED_SELECTOR = YES;
				GCC_WARN_UNINITIALIZED_AUTOS = YES_AGGRESSIVE;
				GCC_WARN_UNUSED_FUNCTION = YES;
				GCC_WARN_UNUSED_VARIABLE = YES;
				IPHONEOS_DEPLOYMENT_TARGET = 7.1;
				SDKROOT = iphoneos;
				TARGETED_DEVICE_FAMILY = "1,2";
				VALIDATE_PRODUCT = YES;
			};
			name = Release;
		};
		0EDC7D9319A23F6300F9BF84 /* Debug */ = {
			isa = XCBuildConfiguration;
			buildSettings = {
				ASSETCATALOG_COMPILER_APPICON_NAME = AppIcon;
				ASSETCATALOG_COMPILER_LAUNCHIMAGE_NAME = LaunchImage;
				GCC_PRECOMPILE_PREFIX_HEADER = YES;
				GCC_PREFIX_HEADER = "ParentMobile/ParentMobile-Prefix.pch";
				INFOPLIST_FILE = "ParentMobile/ParentMobile-Info.plist";
				PRODUCT_NAME = "$(TARGET_NAME)";
				WRAPPER_EXTENSION = app;
			};
			name = Debug;
		};
		0EDC7D9419A23F6300F9BF84 /* Release */ = {
			isa = XCBuildConfiguration;
			buildSettings = {
				ASSETCATALOG_COMPILER_APPICON_NAME = AppIcon;
				ASSETCATALOG_COMPILER_LAUNCHIMAGE_NAME = LaunchImage;
				GCC_PRECOMPILE_PREFIX_HEADER = YES;
				GCC_PREFIX_HEADER = "ParentMobile/ParentMobile-Prefix.pch";
				INFOPLIST_FILE = "ParentMobile/ParentMobile-Info.plist";
				PRODUCT_NAME = "$(TARGET_NAME)";
				WRAPPER_EXTENSION = app;
			};
			name = Release;
		};
		0EDC7D9619A23F6300F9BF84 /* Debug */ = {
			isa = XCBuildConfiguration;
			buildSettings = {
				BUNDLE_LOADER = "$(BUILT_PRODUCTS_DIR)/ParentMobile.app/ParentMobile";
				FRAMEWORK_SEARCH_PATHS = (
					"$(SDKROOT)/Developer/Library/Frameworks",
					"$(inherited)",
					"$(DEVELOPER_FRAMEWORKS_DIR)",
				);
				GCC_PRECOMPILE_PREFIX_HEADER = YES;
				GCC_PREFIX_HEADER = "ParentMobile/ParentMobile-Prefix.pch";
				GCC_PREPROCESSOR_DEFINITIONS = (
					"DEBUG=1",
					"$(inherited)",
				);
				INFOPLIST_FILE = "ParentMobileTests/ParentMobileTests-Info.plist";
				PRODUCT_NAME = "$(TARGET_NAME)";
				TEST_HOST = "$(BUNDLE_LOADER)";
				WRAPPER_EXTENSION = xctest;
			};
			name = Debug;
		};
		0EDC7D9719A23F6300F9BF84 /* Release */ = {
			isa = XCBuildConfiguration;
			buildSettings = {
				BUNDLE_LOADER = "$(BUILT_PRODUCTS_DIR)/ParentMobile.app/ParentMobile";
				FRAMEWORK_SEARCH_PATHS = (
					"$(SDKROOT)/Developer/Library/Frameworks",
					"$(inherited)",
					"$(DEVELOPER_FRAMEWORKS_DIR)",
				);
				GCC_PRECOMPILE_PREFIX_HEADER = YES;
				GCC_PREFIX_HEADER = "ParentMobile/ParentMobile-Prefix.pch";
				INFOPLIST_FILE = "ParentMobileTests/ParentMobileTests-Info.plist";
				PRODUCT_NAME = "$(TARGET_NAME)";
				TEST_HOST = "$(BUNDLE_LOADER)";
				WRAPPER_EXTENSION = xctest;
			};
			name = Release;
		};
/* End XCBuildConfiguration section */

/* Begin XCConfigurationList section */
		0EDC7D6119A23F6300F9BF84 /* Build configuration list for PBXProject "ParentMobile" */ = {
			isa = XCConfigurationList;
			buildConfigurations = (
				0EDC7D9019A23F6300F9BF84 /* Debug */,
				0EDC7D9119A23F6300F9BF84 /* Release */,
			);
			defaultConfigurationIsVisible = 0;
			defaultConfigurationName = Release;
		};
		0EDC7D9219A23F6300F9BF84 /* Build configuration list for PBXNativeTarget "ParentMobile" */ = {
			isa = XCConfigurationList;
			buildConfigurations = (
				0EDC7D9319A23F6300F9BF84 /* Debug */,
				0EDC7D9419A23F6300F9BF84 /* Release */,
			);
			defaultConfigurationIsVisible = 0;
		};
		0EDC7D9519A23F6300F9BF84 /* Build configuration list for PBXNativeTarget "ParentMobileTests" */ = {
			isa = XCConfigurationList;
			buildConfigurations = (
				0EDC7D9619A23F6300F9BF84 /* Debug */,
				0EDC7D9719A23F6300F9BF84 /* Release */,
			);
			defaultConfigurationIsVisible = 0;
		};
/* End XCConfigurationList section */
	};
	rootObject = 0EDC7D5E19A23F6300F9BF84 /* Project object */;
}
